
Microsoft Visual Studio Solution File, Format Version 12.00
# Visual Studio Version 16
VisualStudioVersion = 16.0.33027.164
MinimumVisualStudioVersion = 10.0.40219.1
Project("{9A19103F-16F7-4668-BE54-9A1E7A4F7556}") = "TransportRent", "TransportRent.csproj", "{FF2270E2-79B4-4377-9289-D72F17A16B05}"
EndProject
Global
	GlobalSection(SolutionConfigurationPlatforms) = preSolution
		Debug|Any CPU = Debug|Any CPU
		Release|Any CPU = Release|Any CPU
	EndGlobalSection
	GlobalSection(ProjectConfigurationPlatforms) = postSolution
		{FF2270E2-79B4-4377-9289-D72F17A16B05}.Debug|Any CPU.ActiveCfg = Debug|Any CPU
		{FF2270E2-79B4-4377-9289-D72F17A16B05}.Debug|Any CPU.Build.0 = Debug|Any CPU
		{FF2270E2-79B4-4377-9289-D72F17A16B05}.Release|Any CPU.ActiveCfg = Release|Any CPU
		{FF2270E2-79B4-4377-9289-D72F17A16B05}.Release|Any CPU.Build.0 = Release|Any CPU
	EndGlobalSection
	GlobalSection(SolutionProperties) = preSolution
		HideSolutionNode = FALSE
	EndGlobalSection
	GlobalSection(ExtensibilityGlobals) = postSolution
		SolutionGuid = {B05026CA-B0AC-4F80-99E2-4C53B897D226}
	EndGlobalSection
EndGlobal
